
Microsoft Visual Studio Solution File, Format Version 12.00
# Visual Studio Version 17
VisualStudioVersion = 17.0.31912.275
MinimumVisualStudioVersion = 10.0.40219.1
Project("{9A19103F-16F7-4668-BE54-9A1E7A4F7556}") = "DataLayer", "DataLayer\DataLayer.csproj", "{480203C3-90A5-4C7A-B1FE-F719E1F2B4B6}"
EndProject
Project("{9A19103F-16F7-4668-BE54-9A1E7A4F7556}") = "UserClient", "UserClient\UserClient.csproj", "{B3260139-EA26-4658-8846-7D3A8C503349}"
EndProject
Project("{9A19103F-16F7-4668-BE54-9A1E7A4F7556}") = "RestaurantClient", "RestaurantClient\RestaurantClient.csproj", "{6FAD63B5-5ED6-44B1-8C4D-B164CE1B98DC}"
EndProject
Project("{9A19103F-16F7-4668-BE54-9A1E7A4F7556}") = "AdminClient", "AdminClient\AdminClient.csproj", "{23D89B71-7022-4A5E-B75F-03CC5A8DB8D6}"
EndProject
Project("{2150E333-8FDC-42A3-9474-1A3956D46DE8}") = "Tests", "Tests", "{F7C9C0CB-F9CA-4ABC-8DE6-4AA952639D5B}"
EndProject
Project("{9A19103F-16F7-4668-BE54-9A1E7A4F7556}") = "TestFoodacks", "TestFoodacks\TestFoodacks.csproj", "{62D6D780-C65F-44E0-ACB9-9F292FF55544}"
EndProject
Project("{2150E333-8FDC-42A3-9474-1A3956D46DE8}") = "FrontEndProjects", "FrontEndProjects", "{5F62293F-0CA9-4337-B4AC-327CF8204E4C}"
EndProject
Project("{2150E333-8FDC-42A3-9474-1A3956D46DE8}") = "Gruppens rapporter", "Gruppens rapporter", "{2C82CDA0-F651-4F89-9E02-DACBE32E3AEC}"
	ProjectSection(SolutionItems) = preProject
		Natalie.md = Natalie.md
		ron.txt = ron.txt
		sheki.md = sheki.md
	EndProjectSection
EndProject
Project("{2150E333-8FDC-42A3-9474-1A3956D46DE8}") = "WinformClient", "WinformClient", "{C33D2A46-EE62-4BCD-86C5-C6D44FC26368}"
EndProject
Project("{9A19103F-16F7-4668-BE54-9A1E7A4F7556}") = "FoodRescueForm", "FoodRescueForm\FoodRescueForm.csproj", "{B1141EBE-B804-44E5-A650-950C7FCD3A7A}"
EndProject
Global
	GlobalSection(SolutionConfigurationPlatforms) = preSolution
		Debug|Any CPU = Debug|Any CPU
		Release|Any CPU = Release|Any CPU
	EndGlobalSection
	GlobalSection(ProjectConfigurationPlatforms) = postSolution
		{480203C3-90A5-4C7A-B1FE-F719E1F2B4B6}.Debug|Any CPU.ActiveCfg = Debug|Any CPU
		{480203C3-90A5-4C7A-B1FE-F719E1F2B4B6}.Debug|Any CPU.Build.0 = Debug|Any CPU
		{480203C3-90A5-4C7A-B1FE-F719E1F2B4B6}.Release|Any CPU.ActiveCfg = Release|Any CPU
		{480203C3-90A5-4C7A-B1FE-F719E1F2B4B6}.Release|Any CPU.Build.0 = Release|Any CPU
		{B3260139-EA26-4658-8846-7D3A8C503349}.Debug|Any CPU.ActiveCfg = Debug|Any CPU
		{B3260139-EA26-4658-8846-7D3A8C503349}.Debug|Any CPU.Build.0 = Debug|Any CPU
		{B3260139-EA26-4658-8846-7D3A8C503349}.Release|Any CPU.ActiveCfg = Release|Any CPU
		{B3260139-EA26-4658-8846-7D3A8C503349}.Release|Any CPU.Build.0 = Release|Any CPU
		{6FAD63B5-5ED6-44B1-8C4D-B164CE1B98DC}.Debug|Any CPU.ActiveCfg = Debug|Any CPU
		{6FAD63B5-5ED6-44B1-8C4D-B164CE1B98DC}.Debug|Any CPU.Build.0 = Debug|Any CPU
		{6FAD63B5-5ED6-44B1-8C4D-B164CE1B98DC}.Release|Any CPU.ActiveCfg = Release|Any CPU
		{6FAD63B5-5ED6-44B1-8C4D-B164CE1B98DC}.Release|Any CPU.Build.0 = Release|Any CPU
		{23D89B71-7022-4A5E-B75F-03CC5A8DB8D6}.Debug|Any CPU.ActiveCfg = Debug|Any CPU
		{23D89B71-7022-4A5E-B75F-03CC5A8DB8D6}.Debug|Any CPU.Build.0 = Debug|Any CPU
		{23D89B71-7022-4A5E-B75F-03CC5A8DB8D6}.Release|Any CPU.ActiveCfg = Release|Any CPU
		{23D89B71-7022-4A5E-B75F-03CC5A8DB8D6}.Release|Any CPU.Build.0 = Release|Any CPU
		{62D6D780-C65F-44E0-ACB9-9F292FF55544}.Debug|Any CPU.ActiveCfg = Debug|Any CPU
		{62D6D780-C65F-44E0-ACB9-9F292FF55544}.Debug|Any CPU.Build.0 = Debug|Any CPU
		{62D6D780-C65F-44E0-ACB9-9F292FF55544}.Release|Any CPU.ActiveCfg = Release|Any CPU
		{62D6D780-C65F-44E0-ACB9-9F292FF55544}.Release|Any CPU.Build.0 = Release|Any CPU
		{B1141EBE-B804-44E5-A650-950C7FCD3A7A}.Debug|Any CPU.ActiveCfg = Debug|Any CPU
		{B1141EBE-B804-44E5-A650-950C7FCD3A7A}.Debug|Any CPU.Build.0 = Debug|Any CPU
		{B1141EBE-B804-44E5-A650-950C7FCD3A7A}.Release|Any CPU.ActiveCfg = Release|Any CPU
		{B1141EBE-B804-44E5-A650-950C7FCD3A7A}.Release|Any CPU.Build.0 = Release|Any CPU
	EndGlobalSection
	GlobalSection(SolutionProperties) = preSolution
		HideSolutionNode = FALSE
	EndGlobalSection
	GlobalSection(NestedProjects) = preSolution
		{B3260139-EA26-4658-8846-7D3A8C503349} = {5F62293F-0CA9-4337-B4AC-327CF8204E4C}
		{6FAD63B5-5ED6-44B1-8C4D-B164CE1B98DC} = {5F62293F-0CA9-4337-B4AC-327CF8204E4C}
		{23D89B71-7022-4A5E-B75F-03CC5A8DB8D6} = {5F62293F-0CA9-4337-B4AC-327CF8204E4C}
		{62D6D780-C65F-44E0-ACB9-9F292FF55544} = {F7C9C0CB-F9CA-4ABC-8DE6-4AA952639D5B}
		{B1141EBE-B804-44E5-A650-950C7FCD3A7A} = {C33D2A46-EE62-4BCD-86C5-C6D44FC26368}
	EndGlobalSection
	GlobalSection(ExtensibilityGlobals) = postSolution
		SolutionGuid = {2995378B-58D8-4A21-B10D-B0E70957592B}
	EndGlobalSection
EndGlobal
